
Microsoft Visual Studio Solution File, Format Version 12.00
# Visual Studio Version 16
VisualStudioVersion = 16.0.29613.14
MinimumVisualStudioVersion = 10.0.40219.1
Project("{FAE04EC0-301F-11D3-BF4B-00C04F79EFBC}") = "Hrp_FR", "Hrp_FR\Hrp_FR.csproj", "{368F8279-D7AC-44EF-8E7A-EB6C7E0240FE}"
EndProject
Global
	GlobalSection(SolutionConfigurationPlatforms) = preSolution
		Debug|Any CPU = Debug|Any CPU
		Release|Any CPU = Release|Any CPU
	EndGlobalSection
	GlobalSection(ProjectConfigurationPlatforms) = postSolution
		{368F8279-D7AC-44EF-8E7A-EB6C7E0240FE}.Debug|Any CPU.ActiveCfg = Debug|Any CPU
		{368F8279-D7AC-44EF-8E7A-EB6C7E0240FE}.Debug|Any CPU.Build.0 = Debug|Any CPU
		{368F8279-D7AC-44EF-8E7A-EB6C7E0240FE}.Release|Any CPU.ActiveCfg = Release|Any CPU
		{368F8279-D7AC-44EF-8E7A-EB6C7E0240FE}.Release|Any CPU.Build.0 = Release|Any CPU
	EndGlobalSection
	GlobalSection(SolutionProperties) = preSolution
		HideSolutionNode = FALSE
	EndGlobalSection
	GlobalSection(ExtensibilityGlobals) = postSolution
		SolutionGuid = {263FBAB6-4EEE-4411-96BF-8F67087189A9}
	EndGlobalSection
EndGlobal
